gitee.com/kolonse_zhjsh/gpbx/log v0.0.0-20151011154852-f2fc43724d8d h1:6QkQ+NBnJc8lJxlb/WLTwgpRtOLbHPsgdS9o8gT6xmY=
gitee.com/kolonse_zhjsh/gpbx/log v0.0.0-20151011154852-f2fc43724d8d/go.mod h1:iS1YYTZ3MWoMTr2BHndIeXXu1A/QXYfBGG6wQjpOzAU=
github.com/kolonse/logs v0.0.0-20151011154852-f2fc43724d8d h1:6QkQ+NBnJc8lJxlb/WLTwgpRtOLbHPsgdS9o8gT6xmY=
github.com/kolonse/logs v0.0.0-20151011154852-f2fc43724d8d/go.mod h1:iS1YYTZ3MWoMTr2BHndIeXXu1A/QXYfBGG6wQjpOzAU=
